
Microsoft Visual Studio Solution File, Format Version 12.00
# Visual Studio Version 16
VisualStudioVersion = 16.0.29009.5
MinimumVisualStudioVersion = 10.0.40219.1
Project("{9A19103F-16F7-4668-BE54-9A1E7A4F7556}") = "GorgeShipping", "GorgeShipping\GorgeShipping.csproj", "{F3A8B588-673E-4535-9D91-5269D91406BA}"
EndProject
Project("{9A19103F-16F7-4668-BE54-9A1E7A4F7556}") = "GorgeShipping.Models", "GorgeShipping.Models\GorgeShipping.Models.csproj", "{9FF6CAB7-65B1-4A62-B062-EFAC92A13681}"
EndProject
Project("{FAE04EC0-301F-11D3-BF4B-00C04F79EFBC}") = "GorgeShipping.Data", "GorgeShipping.Data\GorgeShipping.Data.csproj", "{897C799E-119E-4CFC-A22B-BD4C7D2914CB}"
EndProject
Global
	GlobalSection(SolutionConfigurationPlatforms) = preSolution
		Debug|Any CPU = Debug|Any CPU
		Release|Any CPU = Release|Any CPU
	EndGlobalSection
	GlobalSection(ProjectConfigurationPlatforms) = postSolution
		{F3A8B588-673E-4535-9D91-5269D91406BA}.Debug|Any CPU.ActiveCfg = Debug|Any CPU
		{F3A8B588-673E-4535-9D91-5269D91406BA}.Debug|Any CPU.Build.0 = Debug|Any CPU
		{F3A8B588-673E-4535-9D91-5269D91406BA}.Release|Any CPU.ActiveCfg = Release|Any CPU
		{F3A8B588-673E-4535-9D91-5269D91406BA}.Release|Any CPU.Build.0 = Release|Any CPU
		{9FF6CAB7-65B1-4A62-B062-EFAC92A13681}.Debug|Any CPU.ActiveCfg = Debug|Any CPU
		{9FF6CAB7-65B1-4A62-B062-EFAC92A13681}.Debug|Any CPU.Build.0 = Debug|Any CPU
		{9FF6CAB7-65B1-4A62-B062-EFAC92A13681}.Release|Any CPU.ActiveCfg = Release|Any CPU
		{9FF6CAB7-65B1-4A62-B062-EFAC92A13681}.Release|Any CPU.Build.0 = Release|Any CPU
		{897C799E-119E-4CFC-A22B-BD4C7D2914CB}.Debug|Any CPU.ActiveCfg = Debug|Any CPU
		{897C799E-119E-4CFC-A22B-BD4C7D2914CB}.Debug|Any CPU.Build.0 = Debug|Any CPU
		{897C799E-119E-4CFC-A22B-BD4C7D2914CB}.Release|Any CPU.ActiveCfg = Release|Any CPU
		{897C799E-119E-4CFC-A22B-BD4C7D2914CB}.Release|Any CPU.Build.0 = Release|Any CPU
	EndGlobalSection
	GlobalSection(SolutionProperties) = preSolution
		HideSolutionNode = FALSE
	EndGlobalSection
	GlobalSection(ExtensibilityGlobals) = postSolution
		SolutionGuid = {E20F9028-962B-4A69-810A-AE0C8FD1030C}
	EndGlobalSection
EndGlobal
